
Microsoft Visual Studio Solution File, Format Version 12.00
# Visual Studio 15
Project("{FAE04EC0-301F-11D3-BF4B-00C04F79EFBC}") = "Assembly-CSharp", "Assembly-CSharp.csproj", "{55F2B641-F834-194C-1E3C-796E4A89E2F5}"
EndProject
Project("{FAE04EC0-301F-11D3-BF4B-00C04F79EFBC}") = "Unity.2D.Tilemap.Extras", "Unity.2D.Tilemap.Extras.csproj", "{92A6D128-2055-366D-6BF1-9E082E2046E5}"
EndProject
Project("{FAE04EC0-301F-11D3-BF4B-00C04F79EFBC}") = "Unity.2D.Tilemap.Extras.Editor", "Unity.2D.Tilemap.Extras.Editor.csproj", "{84D05473-A1B1-C82A-714E-4E6BE370CD1A}"
EndProject
Project("{FAE04EC0-301F-11D3-BF4B-00C04F79EFBC}") = "Unity.2D.Tilemap.Extras.Placeholder.EditorTests", "Unity.2D.Tilemap.Extras.Placeholder.EditorTests.csproj", "{7B862299-0C2E-331C-43CA-8F27060C8A66}"
EndProject
Global
	GlobalSection(SolutionConfigurationPlatforms) = preSolution
		Debug|Any CPU = Debug|Any CPU
		Release|Any CPU = Release|Any CPU
	EndGlobalSection
	GlobalSection(ProjectConfigurationPlatforms) = postSolution
		{55F2B641-F834-194C-1E3C-796E4A89E2F5}.Debug|Any CPU.ActiveCfg = Debug|Any CPU
		{55F2B641-F834-194C-1E3C-796E4A89E2F5}.Debug|Any CPU.Build.0 = Debug|Any CPU
		{55F2B641-F834-194C-1E3C-796E4A89E2F5}.Release|Any CPU.ActiveCfg = Release|Any CPU
		{55F2B641-F834-194C-1E3C-796E4A89E2F5}.Release|Any CPU.Build.0 = Release|Any CPU
		{92A6D128-2055-366D-6BF1-9E082E2046E5}.Debug|Any CPU.ActiveCfg = Debug|Any CPU
		{92A6D128-2055-366D-6BF1-9E082E2046E5}.Debug|Any CPU.Build.0 = Debug|Any CPU
		{92A6D128-2055-366D-6BF1-9E082E2046E5}.Release|Any CPU.ActiveCfg = Release|Any CPU
		{92A6D128-2055-366D-6BF1-9E082E2046E5}.Release|Any CPU.Build.0 = Release|Any CPU
		{84D05473-A1B1-C82A-714E-4E6BE370CD1A}.Debug|Any CPU.ActiveCfg = Debug|Any CPU
		{84D05473-A1B1-C82A-714E-4E6BE370CD1A}.Debug|Any CPU.Build.0 = Debug|Any CPU
		{84D05473-A1B1-C82A-714E-4E6BE370CD1A}.Release|Any CPU.ActiveCfg = Release|Any CPU
		{84D05473-A1B1-C82A-714E-4E6BE370CD1A}.Release|Any CPU.Build.0 = Release|Any CPU
		{7B862299-0C2E-331C-43CA-8F27060C8A66}.Debug|Any CPU.ActiveCfg = Debug|Any CPU
		{7B862299-0C2E-331C-43CA-8F27060C8A66}.Debug|Any CPU.Build.0 = Debug|Any CPU
		{7B862299-0C2E-331C-43CA-8F27060C8A66}.Release|Any CPU.ActiveCfg = Release|Any CPU
		{7B862299-0C2E-331C-43CA-8F27060C8A66}.Release|Any CPU.Build.0 = Release|Any CPU
	EndGlobalSection
	GlobalSection(SolutionProperties) = preSolution
		HideSolutionNode = FALSE
	EndGlobalSection
EndGlobal
